
Microsoft Visual Studio Solution File, Format Version 12.00
# Visual Studio Version 17
VisualStudioVersion = 17.1.32228.430
MinimumVisualStudioVersion = 10.0.40219.1
Project("{FAE04EC0-301F-11D3-BF4B-00C04F79EFBC}") = "Data", "Data\Data.csproj", "{1865FE79-E375-4704-85B2-EB86451CA8EF}"
EndProject
Project("{FAE04EC0-301F-11D3-BF4B-00C04F79EFBC}") = "Business", "Business\Business.csproj", "{E9DD55D6-0D7C-4761-AAF6-631267989042}"
EndProject
Project("{FAE04EC0-301F-11D3-BF4B-00C04F79EFBC}") = "WebApi", "WebApi\WebApi.csproj", "{994BE70A-9BF2-4958-A5A8-DE7FC6071425}"
EndProject
Global
	GlobalSection(SolutionConfigurationPlatforms) = preSolution
		Debug|Any CPU = Debug|Any CPU
		Release|Any CPU = Release|Any CPU
	EndGlobalSection
	GlobalSection(ProjectConfigurationPlatforms) = postSolution
		{1865FE79-E375-4704-85B2-EB86451CA8EF}.Debug|Any CPU.ActiveCfg = Debug|Any CPU
		{1865FE79-E375-4704-85B2-EB86451CA8EF}.Debug|Any CPU.Build.0 = Debug|Any CPU
		{1865FE79-E375-4704-85B2-EB86451CA8EF}.Release|Any CPU.ActiveCfg = Release|Any CPU
		{1865FE79-E375-4704-85B2-EB86451CA8EF}.Release|Any CPU.Build.0 = Release|Any CPU
		{E9DD55D6-0D7C-4761-AAF6-631267989042}.Debug|Any CPU.ActiveCfg = Debug|Any CPU
		{E9DD55D6-0D7C-4761-AAF6-631267989042}.Debug|Any CPU.Build.0 = Debug|Any CPU
		{E9DD55D6-0D7C-4761-AAF6-631267989042}.Release|Any CPU.ActiveCfg = Release|Any CPU
		{E9DD55D6-0D7C-4761-AAF6-631267989042}.Release|Any CPU.Build.0 = Release|Any CPU
		{994BE70A-9BF2-4958-A5A8-DE7FC6071425}.Debug|Any CPU.ActiveCfg = Debug|Any CPU
		{994BE70A-9BF2-4958-A5A8-DE7FC6071425}.Debug|Any CPU.Build.0 = Debug|Any CPU
		{994BE70A-9BF2-4958-A5A8-DE7FC6071425}.Release|Any CPU.ActiveCfg = Release|Any CPU
		{994BE70A-9BF2-4958-A5A8-DE7FC6071425}.Release|Any CPU.Build.0 = Release|Any CPU
	EndGlobalSection
	GlobalSection(SolutionProperties) = preSolution
		HideSolutionNode = FALSE
	EndGlobalSection
	GlobalSection(ExtensibilityGlobals) = postSolution
		SolutionGuid = {2FEAA916-69B0-4782-8088-16B403487A40}
	EndGlobalSection
EndGlobal
